<mxfile modified="2019-03-03T18:26:56.982Z" host="www.draw.io" agent="Mozilla/5.0 (X11; Linux x86_64) AppleWebKit/537.36 (KHTML, like Gecko) draw.io/9.3.1 Chrome/66.0.3359.181 Electron/3.0.6 Safari/537.36" etag="HTQclvnwLddrq3jmQqib" version="10.3.1" type="device"><diagram id="XarwDz3NmwQq3Fb17HCO" name="Page-1">7VdNj5swEP01ORJhE0hyTNJl+7VqpUit1EvkgAFrDWaNCUl/fcdgQkhYdasmrdQuF+w34xnb73kMI2eV7u8lyZMHEVI+wna4HzlvRhijGfbgpZFDg1iO5zRILFlovDpgzb5TA9oGLVlIi56jEoIrlvfBQGQZDVQPI1KKqu8WCd7PmpPYZLQ7YB0QTi/cvrJQJQ06w9MOf0tZnLSZkTdvLClpnU3gIiGhqE4g527krKQQqmml+xXlevfafWnG+c9YjxOTNFMvGbA+LO4PH75EyH6ynU8P39Ly3XvLRNkRXpoFm8mqQ7sDMO9cN1lab9UyUSmHLoLmjkrFYK8WnMUZYErkJ+hHsqX8syiYYkJbt0IpkYID14YlCR5jKcosXAkuZJ3LieoHXOpkiyJvKLUBIW0nYnsati7QT5TSWljolWM/CDM0ZqCGiGUhleMAMmI/JIrAS+MFvEWpLBFZKqFWJSQoAvsu0luXc5JRtaFEqmSzo1lJi02ZsR0ABbUQno3zLDZbBquk+2e5QEeG4WxQkVIlD+BiBljIxWO3GWVOBnIdc1aqTmeQscGSU421IDHajo/xO/qhYRTwC2rAr2p4sRo2OS+VuKImkDs5E8TE/tuCcAYE4XFIu8wlhWasmy0UQPU/xyIBiz8VkPdUitZgFXW5B65sZNv5vrMew9zh0Ww+WqA2HqyiCdlPo6keyK45PJ3nmZaBK9WXcKGkeKStBDORaYlHjPMziBiJB8AtlQPaT1kY6jTLKmGKrnMS6JwVXJKA1TrXqq2lrNdj7j0HH6f5W1Jy5hfFxXMvtDSfXEppeislTf7B0oJ/WlqYKKyp1fZcOM8+RKdBstmW2y2/5pWCp/M+5ZPpQPmwh8qHfSvS3VfSb0u65aIz0r2Bj4g/S7r3X5IeMBkAtXVXf1X7HlQ8vyJwPVyT7/Z/6sj3/PKQuwN0u7die/rK9s3YduzJOdv4VmxDt/sVrW0nf/TO3Q8=</diagram></mxfile>